
Microsoft Visual Studio Solution File, Format Version 12.00
# Visual Studio Version 17
VisualStudioVersion = 17.3.32901.215
MinimumVisualStudioVersion = 10.0.40219.1
Project("{FAE04EC0-301F-11D3-BF4B-00C04F79EFBC}") = "NZWalks.API", "NZWalks.API\NZWalks.API.csproj", "{FEF12831-2A48-4B4E-9577-36D94D59DBC5}"
EndProject
Global
	GlobalSection(SolutionConfigurationPlatforms) = preSolution
		Debug|Any CPU = Debug|Any CPU
		Release|Any CPU = Release|Any CPU
	EndGlobalSection
	GlobalSection(ProjectConfigurationPlatforms) = postSolution
		{FEF12831-2A48-4B4E-9577-36D94D59DBC5}.Debug|Any CPU.ActiveCfg = Debug|Any CPU
		{FEF12831-2A48-4B4E-9577-36D94D59DBC5}.Debug|Any CPU.Build.0 = Debug|Any CPU
		{FEF12831-2A48-4B4E-9577-36D94D59DBC5}.Release|Any CPU.ActiveCfg = Release|Any CPU
		{FEF12831-2A48-4B4E-9577-36D94D59DBC5}.Release|Any CPU.Build.0 = Release|Any CPU
	EndGlobalSection
	GlobalSection(SolutionProperties) = preSolution
		HideSolutionNode = FALSE
	EndGlobalSection
	GlobalSection(ExtensibilityGlobals) = postSolution
		SolutionGuid = {21B6FF09-8651-4577-A1A1-844E46BA6A1B}
	EndGlobalSection
EndGlobal
